
Microsoft Visual Studio Solution File, Format Version 12.00
# Visual Studio 15
VisualStudioVersion = 15.0.26430.4
MinimumVisualStudioVersion = 10.0.40219.1
Project("{FAE04EC0-301F-11D3-BF4B-00C04F79EFBC}") = "journal02", "journal02\journal02.csproj", "{14416FB3-7EA5-4019-8AB2-9283AD793638}"
EndProject
Project("{FAE04EC0-301F-11D3-BF4B-00C04F79EFBC}") = "journal.console.lib", "journal.console.lib\journal.console.lib.csproj", "{4FB7A601-D7B8-4A7B-B783-7E9A2DB005EC}"
EndProject
Project("{FAE04EC0-301F-11D3-BF4B-00C04F79EFBC}") = "wordxml", "wordxml\wordxml.csproj", "{0932A1BB-6ACC-4C6D-8855-D6C00B391BFC}"
EndProject
Project("{FAE04EC0-301F-11D3-BF4B-00C04F79EFBC}") = "journal03", "journal03\journal03.csproj", "{9B82199B-3156-4A17-A6DE-D7BCCD7FA3B1}"
EndProject
Project("{FAE04EC0-301F-11D3-BF4B-00C04F79EFBC}") = "journal04", "journal04\journal04.csproj", "{AB0C6129-DA54-4943-BE5A-AE880888CA01}"
EndProject
Project("{FAE04EC0-301F-11D3-BF4B-00C04F79EFBC}") = "journal05", "journal05\journal05.csproj", "{5087EB41-973A-4161-ACA9-E6C12981DCD1}"
EndProject
Project("{FAE04EC0-301F-11D3-BF4B-00C04F79EFBC}") = "journal.Test", "journal.Test\journal.Test.csproj", "{BD1B6B74-8E07-4BAB-82F0-586F9E6A645A}"
EndProject
Project("{FAE04EC0-301F-11D3-BF4B-00C04F79EFBC}") = "journal.search.lib", "..\journalwpf_proj\journal.search.lib\journal.search.lib.csproj", "{75D03E75-4006-486B-A842-204EF3207D5F}"
EndProject
Project("{2150E333-8FDC-42A3-9474-1A3956D46DE8}") = "Consoles", "Consoles", "{9EEB87C4-D554-4F6D-B8DD-59D3D78968ED}"
EndProject
Project("{2150E333-8FDC-42A3-9474-1A3956D46DE8}") = "Common", "Common", "{D005BBF8-8885-44E5-B0B6-ECDB0726C672}"
EndProject
Project("{2150E333-8FDC-42A3-9474-1A3956D46DE8}") = "Tests", "Tests", "{4AD7FCAD-2357-4837-B2FB-6D572DA3F802}"
EndProject
Project("{FAE04EC0-301F-11D3-BF4B-00C04F79EFBC}") = "journal.lib", "..\journalwpf_proj\journal.lib\journal.lib.csproj", "{B1CC53AF-2E06-4207-AF01-E342ED1F9B95}"
EndProject
Project("{FAE04EC0-301F-11D3-BF4B-00C04F79EFBC}") = "azureblob.lib", "..\azureblob_proj\azureblob.lib\azureblob.lib.csproj", "{D8FC7122-452B-40D5-AC11-D7EE0D15538C}"
EndProject
Project("{FAE04EC0-301F-11D3-BF4B-00C04F79EFBC}") = "azuresearch.lib", "..\azuresearch_proj\azuresearch.lib\azuresearch.lib.csproj", "{5003BC94-A21B-4B42-AE4F-C54E6A00C71A}"
EndProject
Project("{FAE04EC0-301F-11D3-BF4B-00C04F79EFBC}") = "journal06", "journal06\journal06.csproj", "{3E31AF65-A394-4B16-A4E4-7A24EDDE8205}"
EndProject
Project("{FAE04EC0-301F-11D3-BF4B-00C04F79EFBC}") = "journal07", "journal07\journal07.csproj", "{7C6F2EA0-1BE0-494D-B9A5-007CDA976C8E}"
EndProject
Project("{FAE04EC0-301F-11D3-BF4B-00C04F79EFBC}") = "journal08", "journal08\journal08.csproj", "{C1AE51C8-3915-4D5F-87F2-E5666C24BF88}"
EndProject
Project("{2150E333-8FDC-42A3-9474-1A3956D46DE8}") = "kjp2idml", "kjp2idml", "{40D80352-23F5-40B8-8337-AE2A1FAFD2FC}"
EndProject
Project("{FAE04EC0-301F-11D3-BF4B-00C04F79EFBC}") = "kjp2idml", "..\kjp2idml_proj\kjp2idml\kjp2idml.csproj", "{5BA4B3D2-C15E-4948-BB1F-3694DDB55690}"
EndProject
Project("{FAE04EC0-301F-11D3-BF4B-00C04F79EFBC}") = "kjp2idml.lib", "..\kjp2idml_proj\kjp2idml.lib\kjp2idml.lib.csproj", "{9CD641B9-4326-45D8-AA68-C608AABF19FF}"
EndProject
Project("{FAE04EC0-301F-11D3-BF4B-00C04F79EFBC}") = "idml.lib", "..\idml_proj\idml.lib\idml.lib.csproj", "{0FFCAC80-0EB4-4F40-AE64-F14B2C30AC8F}"
EndProject
Project("{FAE04EC0-301F-11D3-BF4B-00C04F79EFBC}") = "indcc2pdf", "..\ind2idml_proj\indcc2pdf\indcc2pdf.csproj", "{C8DF7B0A-7923-4079-964F-51CCF1E23A32}"
EndProject
Project("{F184B08F-C81C-45F6-A57F-5ABD9991F28F}") = "InddAppLibCC", "..\ind2idml_proj\InddAppLibCC\InddAppLibCC.vbproj", "{0F4B4A91-DB5B-45BD-B666-A8E00CD47E9D}"
EndProject
Global
	GlobalSection(SharedMSBuildProjectFiles) = preSolution
		..\ind2idml_proj\inddapp.shard.vb\inddapp.shard.vb.projitems*{0f4b4a91-db5b-45bd-b666-a8e00cd47e9d}*SharedItemsImports = 4
	EndGlobalSection
	GlobalSection(SolutionConfigurationPlatforms) = preSolution
		Debug|Any CPU = Debug|Any CPU
		Release|Any CPU = Release|Any CPU
	EndGlobalSection
	GlobalSection(ProjectConfigurationPlatforms) = postSolution
		{14416FB3-7EA5-4019-8AB2-9283AD793638}.Debug|Any CPU.ActiveCfg = Debug|Any CPU
		{14416FB3-7EA5-4019-8AB2-9283AD793638}.Debug|Any CPU.Build.0 = Debug|Any CPU
		{14416FB3-7EA5-4019-8AB2-9283AD793638}.Release|Any CPU.ActiveCfg = Release|Any CPU
		{14416FB3-7EA5-4019-8AB2-9283AD793638}.Release|Any CPU.Build.0 = Release|Any CPU
		{4FB7A601-D7B8-4A7B-B783-7E9A2DB005EC}.Debug|Any CPU.ActiveCfg = Debug|Any CPU
		{4FB7A601-D7B8-4A7B-B783-7E9A2DB005EC}.Debug|Any CPU.Build.0 = Debug|Any CPU
		{4FB7A601-D7B8-4A7B-B783-7E9A2DB005EC}.Release|Any CPU.ActiveCfg = Release|Any CPU
		{4FB7A601-D7B8-4A7B-B783-7E9A2DB005EC}.Release|Any CPU.Build.0 = Release|Any CPU
		{0932A1BB-6ACC-4C6D-8855-D6C00B391BFC}.Debug|Any CPU.ActiveCfg = Debug|Any CPU
		{0932A1BB-6ACC-4C6D-8855-D6C00B391BFC}.Debug|Any CPU.Build.0 = Debug|Any CPU
		{0932A1BB-6ACC-4C6D-8855-D6C00B391BFC}.Release|Any CPU.ActiveCfg = Release|Any CPU
		{0932A1BB-6ACC-4C6D-8855-D6C00B391BFC}.Release|Any CPU.Build.0 = Release|Any CPU
		{9B82199B-3156-4A17-A6DE-D7BCCD7FA3B1}.Debug|Any CPU.ActiveCfg = Debug|Any CPU
		{9B82199B-3156-4A17-A6DE-D7BCCD7FA3B1}.Debug|Any CPU.Build.0 = Debug|Any CPU
		{9B82199B-3156-4A17-A6DE-D7BCCD7FA3B1}.Release|Any CPU.ActiveCfg = Release|Any CPU
		{9B82199B-3156-4A17-A6DE-D7BCCD7FA3B1}.Release|Any CPU.Build.0 = Release|Any CPU
		{AB0C6129-DA54-4943-BE5A-AE880888CA01}.Debug|Any CPU.ActiveCfg = Debug|Any CPU
		{AB0C6129-DA54-4943-BE5A-AE880888CA01}.Debug|Any CPU.Build.0 = Debug|Any CPU
		{AB0C6129-DA54-4943-BE5A-AE880888CA01}.Release|Any CPU.ActiveCfg = Release|Any CPU
		{AB0C6129-DA54-4943-BE5A-AE880888CA01}.Release|Any CPU.Build.0 = Release|Any CPU
		{5087EB41-973A-4161-ACA9-E6C12981DCD1}.Debug|Any CPU.ActiveCfg = Debug|Any CPU
		{5087EB41-973A-4161-ACA9-E6C12981DCD1}.Debug|Any CPU.Build.0 = Debug|Any CPU
		{5087EB41-973A-4161-ACA9-E6C12981DCD1}.Release|Any CPU.ActiveCfg = Release|Any CPU
		{5087EB41-973A-4161-ACA9-E6C12981DCD1}.Release|Any CPU.Build.0 = Release|Any CPU
		{BD1B6B74-8E07-4BAB-82F0-586F9E6A645A}.Debug|Any CPU.ActiveCfg = Debug|Any CPU
		{BD1B6B74-8E07-4BAB-82F0-586F9E6A645A}.Debug|Any CPU.Build.0 = Debug|Any CPU
		{BD1B6B74-8E07-4BAB-82F0-586F9E6A645A}.Release|Any CPU.ActiveCfg = Release|Any CPU
		{BD1B6B74-8E07-4BAB-82F0-586F9E6A645A}.Release|Any CPU.Build.0 = Release|Any CPU
		{75D03E75-4006-486B-A842-204EF3207D5F}.Debug|Any CPU.ActiveCfg = Debug|Any CPU
		{75D03E75-4006-486B-A842-204EF3207D5F}.Debug|Any CPU.Build.0 = Debug|Any CPU
		{75D03E75-4006-486B-A842-204EF3207D5F}.Release|Any CPU.ActiveCfg = Release|Any CPU
		{75D03E75-4006-486B-A842-204EF3207D5F}.Release|Any CPU.Build.0 = Release|Any CPU
		{B1CC53AF-2E06-4207-AF01-E342ED1F9B95}.Debug|Any CPU.ActiveCfg = Debug|Any CPU
		{B1CC53AF-2E06-4207-AF01-E342ED1F9B95}.Debug|Any CPU.Build.0 = Debug|Any CPU
		{B1CC53AF-2E06-4207-AF01-E342ED1F9B95}.Release|Any CPU.ActiveCfg = Release|Any CPU
		{B1CC53AF-2E06-4207-AF01-E342ED1F9B95}.Release|Any CPU.Build.0 = Release|Any CPU
		{D8FC7122-452B-40D5-AC11-D7EE0D15538C}.Debug|Any CPU.ActiveCfg = Debug|Any CPU
		{D8FC7122-452B-40D5-AC11-D7EE0D15538C}.Debug|Any CPU.Build.0 = Debug|Any CPU
		{D8FC7122-452B-40D5-AC11-D7EE0D15538C}.Release|Any CPU.ActiveCfg = Release|Any CPU
		{D8FC7122-452B-40D5-AC11-D7EE0D15538C}.Release|Any CPU.Build.0 = Release|Any CPU
		{5003BC94-A21B-4B42-AE4F-C54E6A00C71A}.Debug|Any CPU.ActiveCfg = Debug|Any CPU
		{5003BC94-A21B-4B42-AE4F-C54E6A00C71A}.Debug|Any CPU.Build.0 = Debug|Any CPU
		{5003BC94-A21B-4B42-AE4F-C54E6A00C71A}.Release|Any CPU.ActiveCfg = Release|Any CPU
		{5003BC94-A21B-4B42-AE4F-C54E6A00C71A}.Release|Any CPU.Build.0 = Release|Any CPU
		{3E31AF65-A394-4B16-A4E4-7A24EDDE8205}.Debug|Any CPU.ActiveCfg = Debug|Any CPU
		{3E31AF65-A394-4B16-A4E4-7A24EDDE8205}.Debug|Any CPU.Build.0 = Debug|Any CPU
		{3E31AF65-A394-4B16-A4E4-7A24EDDE8205}.Release|Any CPU.ActiveCfg = Release|Any CPU
		{3E31AF65-A394-4B16-A4E4-7A24EDDE8205}.Release|Any CPU.Build.0 = Release|Any CPU
		{7C6F2EA0-1BE0-494D-B9A5-007CDA976C8E}.Debug|Any CPU.ActiveCfg = Debug|Any CPU
		{7C6F2EA0-1BE0-494D-B9A5-007CDA976C8E}.Debug|Any CPU.Build.0 = Debug|Any CPU
		{7C6F2EA0-1BE0-494D-B9A5-007CDA976C8E}.Release|Any CPU.ActiveCfg = Release|Any CPU
		{7C6F2EA0-1BE0-494D-B9A5-007CDA976C8E}.Release|Any CPU.Build.0 = Release|Any CPU
		{C1AE51C8-3915-4D5F-87F2-E5666C24BF88}.Debug|Any CPU.ActiveCfg = Debug|Any CPU
		{C1AE51C8-3915-4D5F-87F2-E5666C24BF88}.Debug|Any CPU.Build.0 = Debug|Any CPU
		{C1AE51C8-3915-4D5F-87F2-E5666C24BF88}.Release|Any CPU.ActiveCfg = Release|Any CPU
		{C1AE51C8-3915-4D5F-87F2-E5666C24BF88}.Release|Any CPU.Build.0 = Release|Any CPU
		{5BA4B3D2-C15E-4948-BB1F-3694DDB55690}.Debug|Any CPU.ActiveCfg = Debug|Any CPU
		{5BA4B3D2-C15E-4948-BB1F-3694DDB55690}.Debug|Any CPU.Build.0 = Debug|Any CPU
		{5BA4B3D2-C15E-4948-BB1F-3694DDB55690}.Release|Any CPU.ActiveCfg = Release|Any CPU
		{5BA4B3D2-C15E-4948-BB1F-3694DDB55690}.Release|Any CPU.Build.0 = Release|Any CPU
		{9CD641B9-4326-45D8-AA68-C608AABF19FF}.Debug|Any CPU.ActiveCfg = Debug|Any CPU
		{9CD641B9-4326-45D8-AA68-C608AABF19FF}.Debug|Any CPU.Build.0 = Debug|Any CPU
		{9CD641B9-4326-45D8-AA68-C608AABF19FF}.Release|Any CPU.ActiveCfg = Release|Any CPU
		{9CD641B9-4326-45D8-AA68-C608AABF19FF}.Release|Any CPU.Build.0 = Release|Any CPU
		{0FFCAC80-0EB4-4F40-AE64-F14B2C30AC8F}.Debug|Any CPU.ActiveCfg = Debug|Any CPU
		{0FFCAC80-0EB4-4F40-AE64-F14B2C30AC8F}.Debug|Any CPU.Build.0 = Debug|Any CPU
		{0FFCAC80-0EB4-4F40-AE64-F14B2C30AC8F}.Release|Any CPU.ActiveCfg = Release|Any CPU
		{0FFCAC80-0EB4-4F40-AE64-F14B2C30AC8F}.Release|Any CPU.Build.0 = Release|Any CPU
		{C8DF7B0A-7923-4079-964F-51CCF1E23A32}.Debug|Any CPU.ActiveCfg = Debug|Any CPU
		{C8DF7B0A-7923-4079-964F-51CCF1E23A32}.Debug|Any CPU.Build.0 = Debug|Any CPU
		{C8DF7B0A-7923-4079-964F-51CCF1E23A32}.Release|Any CPU.ActiveCfg = Release|Any CPU
		{C8DF7B0A-7923-4079-964F-51CCF1E23A32}.Release|Any CPU.Build.0 = Release|Any CPU
		{0F4B4A91-DB5B-45BD-B666-A8E00CD47E9D}.Debug|Any CPU.ActiveCfg = Debug|Any CPU
		{0F4B4A91-DB5B-45BD-B666-A8E00CD47E9D}.Debug|Any CPU.Build.0 = Debug|Any CPU
		{0F4B4A91-DB5B-45BD-B666-A8E00CD47E9D}.Release|Any CPU.ActiveCfg = Release|Any CPU
		{0F4B4A91-DB5B-45BD-B666-A8E00CD47E9D}.Release|Any CPU.Build.0 = Release|Any CPU
	EndGlobalSection
	GlobalSection(SolutionProperties) = preSolution
		HideSolutionNode = FALSE
	EndGlobalSection
	GlobalSection(NestedProjects) = preSolution
		{14416FB3-7EA5-4019-8AB2-9283AD793638} = {9EEB87C4-D554-4F6D-B8DD-59D3D78968ED}
		{4FB7A601-D7B8-4A7B-B783-7E9A2DB005EC} = {D005BBF8-8885-44E5-B0B6-ECDB0726C672}
		{0932A1BB-6ACC-4C6D-8855-D6C00B391BFC} = {D005BBF8-8885-44E5-B0B6-ECDB0726C672}
		{9B82199B-3156-4A17-A6DE-D7BCCD7FA3B1} = {9EEB87C4-D554-4F6D-B8DD-59D3D78968ED}
		{AB0C6129-DA54-4943-BE5A-AE880888CA01} = {9EEB87C4-D554-4F6D-B8DD-59D3D78968ED}
		{5087EB41-973A-4161-ACA9-E6C12981DCD1} = {9EEB87C4-D554-4F6D-B8DD-59D3D78968ED}
		{BD1B6B74-8E07-4BAB-82F0-586F9E6A645A} = {4AD7FCAD-2357-4837-B2FB-6D572DA3F802}
		{75D03E75-4006-486B-A842-204EF3207D5F} = {D005BBF8-8885-44E5-B0B6-ECDB0726C672}
		{B1CC53AF-2E06-4207-AF01-E342ED1F9B95} = {D005BBF8-8885-44E5-B0B6-ECDB0726C672}
		{D8FC7122-452B-40D5-AC11-D7EE0D15538C} = {D005BBF8-8885-44E5-B0B6-ECDB0726C672}
		{5003BC94-A21B-4B42-AE4F-C54E6A00C71A} = {D005BBF8-8885-44E5-B0B6-ECDB0726C672}
		{3E31AF65-A394-4B16-A4E4-7A24EDDE8205} = {9EEB87C4-D554-4F6D-B8DD-59D3D78968ED}
		{7C6F2EA0-1BE0-494D-B9A5-007CDA976C8E} = {9EEB87C4-D554-4F6D-B8DD-59D3D78968ED}
		{C1AE51C8-3915-4D5F-87F2-E5666C24BF88} = {9EEB87C4-D554-4F6D-B8DD-59D3D78968ED}
		{5BA4B3D2-C15E-4948-BB1F-3694DDB55690} = {40D80352-23F5-40B8-8337-AE2A1FAFD2FC}
		{9CD641B9-4326-45D8-AA68-C608AABF19FF} = {40D80352-23F5-40B8-8337-AE2A1FAFD2FC}
		{0FFCAC80-0EB4-4F40-AE64-F14B2C30AC8F} = {40D80352-23F5-40B8-8337-AE2A1FAFD2FC}
		{C8DF7B0A-7923-4079-964F-51CCF1E23A32} = {40D80352-23F5-40B8-8337-AE2A1FAFD2FC}
		{0F4B4A91-DB5B-45BD-B666-A8E00CD47E9D} = {40D80352-23F5-40B8-8337-AE2A1FAFD2FC}
	EndGlobalSection
EndGlobal
