
Microsoft Visual Studio Solution File, Format Version 12.00
# Visual Studio Version 17
VisualStudioVersion = 17.0.32126.317
MinimumVisualStudioVersion = 10.0.40219.1
Project("{FAE04EC0-301F-11D3-BF4B-00C04F79EFBC}") = "journal02", "journal02\journal02.csproj", "{14416FB3-7EA5-4019-8AB2-9283AD793638}"
EndProject
Project("{FAE04EC0-301F-11D3-BF4B-00C04F79EFBC}") = "journal.console.lib", "journal.console.lib\journal.console.lib.csproj", "{4FB7A601-D7B8-4A7B-B783-7E9A2DB005EC}"
EndProject
Project("{FAE04EC0-301F-11D3-BF4B-00C04F79EFBC}") = "journal03", "journal03\journal03.csproj", "{9B82199B-3156-4A17-A6DE-D7BCCD7FA3B1}"
EndProject
Project("{FAE04EC0-301F-11D3-BF4B-00C04F79EFBC}") = "journal04", "journal04\journal04.csproj", "{AB0C6129-DA54-4943-BE5A-AE880888CA01}"
EndProject
Project("{FAE04EC0-301F-11D3-BF4B-00C04F79EFBC}") = "journal05", "journal05\journal05.csproj", "{5087EB41-973A-4161-ACA9-E6C12981DCD1}"
EndProject
Project("{FAE04EC0-301F-11D3-BF4B-00C04F79EFBC}") = "journal.Test", "journal.Test\journal.Test.csproj", "{BD1B6B74-8E07-4BAB-82F0-586F9E6A645A}"
EndProject
Project("{2150E333-8FDC-42A3-9474-1A3956D46DE8}") = "Consoles", "Consoles", "{9EEB87C4-D554-4F6D-B8DD-59D3D78968ED}"
EndProject
Project("{2150E333-8FDC-42A3-9474-1A3956D46DE8}") = "Common", "Common", "{D005BBF8-8885-44E5-B0B6-ECDB0726C672}"
EndProject
Project("{2150E333-8FDC-42A3-9474-1A3956D46DE8}") = "Tests", "Tests", "{4AD7FCAD-2357-4837-B2FB-6D572DA3F802}"
EndProject
Project("{FAE04EC0-301F-11D3-BF4B-00C04F79EFBC}") = "journal06", "journal06\journal06.csproj", "{3E31AF65-A394-4B16-A4E4-7A24EDDE8205}"
EndProject
Project("{FAE04EC0-301F-11D3-BF4B-00C04F79EFBC}") = "journal07", "journal07\journal07.csproj", "{7C6F2EA0-1BE0-494D-B9A5-007CDA976C8E}"
EndProject
Project("{FAE04EC0-301F-11D3-BF4B-00C04F79EFBC}") = "journal08", "journal08\journal08.csproj", "{C1AE51C8-3915-4D5F-87F2-E5666C24BF88}"
EndProject
Project("{FAE04EC0-301F-11D3-BF4B-00C04F79EFBC}") = "journal09", "journal09\journal09.csproj", "{7F2FA0EB-EBF7-443A-8422-E421106FF8B4}"
EndProject
Project("{FAE04EC0-301F-11D3-BF4B-00C04F79EFBC}") = "journal10", "journal10\journal10.csproj", "{6CDD5E0B-2FC9-4415-B7FB-ACB90117FAFB}"
EndProject
Project("{FAE04EC0-301F-11D3-BF4B-00C04F79EFBC}") = "journal11", "journal11\journal11.csproj", "{C6B83D55-49B2-4306-A235-178CBFCAD336}"
EndProject
Project("{FAE04EC0-301F-11D3-BF4B-00C04F79EFBC}") = "journal12", "journal12\journal12.csproj", "{75DC214D-CAE4-4710-A492-2B06BFDF1965}"
EndProject
Project("{FAE04EC0-301F-11D3-BF4B-00C04F79EFBC}") = "kenkyu02", "kenkyu02\kenkyu02.csproj", "{D3E6C1D6-A980-4D37-8933-7BFC22D493CE}"
EndProject
Global
	GlobalSection(SolutionConfigurationPlatforms) = preSolution
		Debug|Any CPU = Debug|Any CPU
		Release|Any CPU = Release|Any CPU
	EndGlobalSection
	GlobalSection(ProjectConfigurationPlatforms) = postSolution
		{14416FB3-7EA5-4019-8AB2-9283AD793638}.Debug|Any CPU.ActiveCfg = Debug|Any CPU
		{14416FB3-7EA5-4019-8AB2-9283AD793638}.Debug|Any CPU.Build.0 = Debug|Any CPU
		{14416FB3-7EA5-4019-8AB2-9283AD793638}.Release|Any CPU.ActiveCfg = Release|Any CPU
		{14416FB3-7EA5-4019-8AB2-9283AD793638}.Release|Any CPU.Build.0 = Release|Any CPU
		{4FB7A601-D7B8-4A7B-B783-7E9A2DB005EC}.Debug|Any CPU.ActiveCfg = Debug|Any CPU
		{4FB7A601-D7B8-4A7B-B783-7E9A2DB005EC}.Debug|Any CPU.Build.0 = Debug|Any CPU
		{4FB7A601-D7B8-4A7B-B783-7E9A2DB005EC}.Release|Any CPU.ActiveCfg = Release|Any CPU
		{4FB7A601-D7B8-4A7B-B783-7E9A2DB005EC}.Release|Any CPU.Build.0 = Release|Any CPU
		{9B82199B-3156-4A17-A6DE-D7BCCD7FA3B1}.Debug|Any CPU.ActiveCfg = Debug|Any CPU
		{9B82199B-3156-4A17-A6DE-D7BCCD7FA3B1}.Debug|Any CPU.Build.0 = Debug|Any CPU
		{9B82199B-3156-4A17-A6DE-D7BCCD7FA3B1}.Release|Any CPU.ActiveCfg = Release|Any CPU
		{9B82199B-3156-4A17-A6DE-D7BCCD7FA3B1}.Release|Any CPU.Build.0 = Release|Any CPU
		{AB0C6129-DA54-4943-BE5A-AE880888CA01}.Debug|Any CPU.ActiveCfg = Debug|Any CPU
		{AB0C6129-DA54-4943-BE5A-AE880888CA01}.Debug|Any CPU.Build.0 = Debug|Any CPU
		{AB0C6129-DA54-4943-BE5A-AE880888CA01}.Release|Any CPU.ActiveCfg = Release|Any CPU
		{AB0C6129-DA54-4943-BE5A-AE880888CA01}.Release|Any CPU.Build.0 = Release|Any CPU
		{5087EB41-973A-4161-ACA9-E6C12981DCD1}.Debug|Any CPU.ActiveCfg = Debug|Any CPU
		{5087EB41-973A-4161-ACA9-E6C12981DCD1}.Debug|Any CPU.Build.0 = Debug|Any CPU
		{5087EB41-973A-4161-ACA9-E6C12981DCD1}.Release|Any CPU.ActiveCfg = Release|Any CPU
		{5087EB41-973A-4161-ACA9-E6C12981DCD1}.Release|Any CPU.Build.0 = Release|Any CPU
		{BD1B6B74-8E07-4BAB-82F0-586F9E6A645A}.Debug|Any CPU.ActiveCfg = Debug|Any CPU
		{BD1B6B74-8E07-4BAB-82F0-586F9E6A645A}.Debug|Any CPU.Build.0 = Debug|Any CPU
		{BD1B6B74-8E07-4BAB-82F0-586F9E6A645A}.Release|Any CPU.ActiveCfg = Release|Any CPU
		{BD1B6B74-8E07-4BAB-82F0-586F9E6A645A}.Release|Any CPU.Build.0 = Release|Any CPU
		{3E31AF65-A394-4B16-A4E4-7A24EDDE8205}.Debug|Any CPU.ActiveCfg = Debug|Any CPU
		{3E31AF65-A394-4B16-A4E4-7A24EDDE8205}.Debug|Any CPU.Build.0 = Debug|Any CPU
		{3E31AF65-A394-4B16-A4E4-7A24EDDE8205}.Release|Any CPU.ActiveCfg = Release|Any CPU
		{3E31AF65-A394-4B16-A4E4-7A24EDDE8205}.Release|Any CPU.Build.0 = Release|Any CPU
		{7C6F2EA0-1BE0-494D-B9A5-007CDA976C8E}.Debug|Any CPU.ActiveCfg = Debug|Any CPU
		{7C6F2EA0-1BE0-494D-B9A5-007CDA976C8E}.Debug|Any CPU.Build.0 = Debug|Any CPU
		{7C6F2EA0-1BE0-494D-B9A5-007CDA976C8E}.Release|Any CPU.ActiveCfg = Release|Any CPU
		{7C6F2EA0-1BE0-494D-B9A5-007CDA976C8E}.Release|Any CPU.Build.0 = Release|Any CPU
		{C1AE51C8-3915-4D5F-87F2-E5666C24BF88}.Debug|Any CPU.ActiveCfg = Debug|Any CPU
		{C1AE51C8-3915-4D5F-87F2-E5666C24BF88}.Debug|Any CPU.Build.0 = Debug|Any CPU
		{C1AE51C8-3915-4D5F-87F2-E5666C24BF88}.Release|Any CPU.ActiveCfg = Release|Any CPU
		{C1AE51C8-3915-4D5F-87F2-E5666C24BF88}.Release|Any CPU.Build.0 = Release|Any CPU
		{7F2FA0EB-EBF7-443A-8422-E421106FF8B4}.Debug|Any CPU.ActiveCfg = Debug|Any CPU
		{7F2FA0EB-EBF7-443A-8422-E421106FF8B4}.Debug|Any CPU.Build.0 = Debug|Any CPU
		{7F2FA0EB-EBF7-443A-8422-E421106FF8B4}.Release|Any CPU.ActiveCfg = Release|Any CPU
		{7F2FA0EB-EBF7-443A-8422-E421106FF8B4}.Release|Any CPU.Build.0 = Release|Any CPU
		{6CDD5E0B-2FC9-4415-B7FB-ACB90117FAFB}.Debug|Any CPU.ActiveCfg = Debug|Any CPU
		{6CDD5E0B-2FC9-4415-B7FB-ACB90117FAFB}.Debug|Any CPU.Build.0 = Debug|Any CPU
		{6CDD5E0B-2FC9-4415-B7FB-ACB90117FAFB}.Release|Any CPU.ActiveCfg = Release|Any CPU
		{6CDD5E0B-2FC9-4415-B7FB-ACB90117FAFB}.Release|Any CPU.Build.0 = Release|Any CPU
		{C6B83D55-49B2-4306-A235-178CBFCAD336}.Debug|Any CPU.ActiveCfg = Debug|Any CPU
		{C6B83D55-49B2-4306-A235-178CBFCAD336}.Debug|Any CPU.Build.0 = Debug|Any CPU
		{C6B83D55-49B2-4306-A235-178CBFCAD336}.Release|Any CPU.ActiveCfg = Release|Any CPU
		{C6B83D55-49B2-4306-A235-178CBFCAD336}.Release|Any CPU.Build.0 = Release|Any CPU
		{75DC214D-CAE4-4710-A492-2B06BFDF1965}.Debug|Any CPU.ActiveCfg = Debug|Any CPU
		{75DC214D-CAE4-4710-A492-2B06BFDF1965}.Debug|Any CPU.Build.0 = Debug|Any CPU
		{75DC214D-CAE4-4710-A492-2B06BFDF1965}.Release|Any CPU.ActiveCfg = Release|Any CPU
		{75DC214D-CAE4-4710-A492-2B06BFDF1965}.Release|Any CPU.Build.0 = Release|Any CPU
		{D3E6C1D6-A980-4D37-8933-7BFC22D493CE}.Debug|Any CPU.ActiveCfg = Debug|Any CPU
		{D3E6C1D6-A980-4D37-8933-7BFC22D493CE}.Debug|Any CPU.Build.0 = Debug|Any CPU
		{D3E6C1D6-A980-4D37-8933-7BFC22D493CE}.Release|Any CPU.ActiveCfg = Release|Any CPU
		{D3E6C1D6-A980-4D37-8933-7BFC22D493CE}.Release|Any CPU.Build.0 = Release|Any CPU
	EndGlobalSection
	GlobalSection(SolutionProperties) = preSolution
		HideSolutionNode = FALSE
	EndGlobalSection
	GlobalSection(NestedProjects) = preSolution
		{14416FB3-7EA5-4019-8AB2-9283AD793638} = {9EEB87C4-D554-4F6D-B8DD-59D3D78968ED}
		{4FB7A601-D7B8-4A7B-B783-7E9A2DB005EC} = {D005BBF8-8885-44E5-B0B6-ECDB0726C672}
		{9B82199B-3156-4A17-A6DE-D7BCCD7FA3B1} = {9EEB87C4-D554-4F6D-B8DD-59D3D78968ED}
		{AB0C6129-DA54-4943-BE5A-AE880888CA01} = {9EEB87C4-D554-4F6D-B8DD-59D3D78968ED}
		{5087EB41-973A-4161-ACA9-E6C12981DCD1} = {9EEB87C4-D554-4F6D-B8DD-59D3D78968ED}
		{BD1B6B74-8E07-4BAB-82F0-586F9E6A645A} = {4AD7FCAD-2357-4837-B2FB-6D572DA3F802}
		{3E31AF65-A394-4B16-A4E4-7A24EDDE8205} = {9EEB87C4-D554-4F6D-B8DD-59D3D78968ED}
		{7C6F2EA0-1BE0-494D-B9A5-007CDA976C8E} = {9EEB87C4-D554-4F6D-B8DD-59D3D78968ED}
		{C1AE51C8-3915-4D5F-87F2-E5666C24BF88} = {9EEB87C4-D554-4F6D-B8DD-59D3D78968ED}
		{7F2FA0EB-EBF7-443A-8422-E421106FF8B4} = {9EEB87C4-D554-4F6D-B8DD-59D3D78968ED}
		{6CDD5E0B-2FC9-4415-B7FB-ACB90117FAFB} = {9EEB87C4-D554-4F6D-B8DD-59D3D78968ED}
		{C6B83D55-49B2-4306-A235-178CBFCAD336} = {9EEB87C4-D554-4F6D-B8DD-59D3D78968ED}
		{75DC214D-CAE4-4710-A492-2B06BFDF1965} = {9EEB87C4-D554-4F6D-B8DD-59D3D78968ED}
		{D3E6C1D6-A980-4D37-8933-7BFC22D493CE} = {9EEB87C4-D554-4F6D-B8DD-59D3D78968ED}
	EndGlobalSection
	GlobalSection(ExtensibilityGlobals) = postSolution
		SolutionGuid = {7CABB14F-1FC9-42DF-ADB1-7864F21112CD}
	EndGlobalSection
EndGlobal
